
Microsoft Visual Studio Solution File, Format Version 12.00
# Visual Studio Version 16
VisualStudioVersion = 16.0.28721.148
MinimumVisualStudioVersion = 10.0.40219.1
Project("{FAE04EC0-301F-11D3-BF4B-00C04F79EFBC}") = "Notas_CSharp", "Notas_CSharp\Notas_CSharp.csproj", "{C2DEB442-7D8C-497A-8201-BC677F8BF354}"
EndProject
Global
	GlobalSection(SolutionConfigurationPlatforms) = preSolution
		Debug|Any CPU = Debug|Any CPU
		Release|Any CPU = Release|Any CPU
	EndGlobalSection
	GlobalSection(ProjectConfigurationPlatforms) = postSolution
		{C2DEB442-7D8C-497A-8201-BC677F8BF354}.Debug|Any CPU.ActiveCfg = Debug|Any CPU
		{C2DEB442-7D8C-497A-8201-BC677F8BF354}.Debug|Any CPU.Build.0 = Debug|Any CPU
		{C2DEB442-7D8C-497A-8201-BC677F8BF354}.Release|Any CPU.ActiveCfg = Release|Any CPU
		{C2DEB442-7D8C-497A-8201-BC677F8BF354}.Release|Any CPU.Build.0 = Release|Any CPU
	EndGlobalSection
	GlobalSection(SolutionProperties) = preSolution
		HideSolutionNode = FALSE
	EndGlobalSection
	GlobalSection(ExtensibilityGlobals) = postSolution
		SolutionGuid = {51164E5B-78C0-4E2D-A59C-56DB80ED696D}
	EndGlobalSection
EndGlobal
